<?xml version="1.0"?>
<Project ToolsVersion="4.0" xmlns="http://schemas.microsoft.com/developer/msbuild/2003">
	<ItemGroup>
		<ClCompile Include="src\ofApp.cpp">
			<Filter>src</Filter>
		</ClCompile>
		<ClCompile Include="src\main.cpp">
			<Filter>src</Filter>
		</ClCompile>
		<ClCompile Include="src\main.cpp">
			<Filter>src</Filter>
		</ClCompile>
		<ClCompile Include="src\ofApp.cpp">
			<Filter>src</Filter>
		</ClCompile>
		<ClCompile Include="..\..\..\addons\ofxPolygonTriangulation\src\DoublyConnectedEdgeList.cpp">
			<Filter>addons\ofxPolygonTriangulation\src</Filter>
		</ClCompile>
		<ClCompile Include="..\..\..\addons\ofxPolygonTriangulation\src\ofxPolygonTriangulation.cpp">
			<Filter>addons\ofxPolygonTriangulation\src</Filter>
		</ClCompile>
		<ClCompile Include="..\..\..\addons\ofxPolygonTriangulation\src\SplitToMonotone.cpp">
			<Filter>addons\ofxPolygonTriangulation\src</Filter>
		</ClCompile>
		<ClCompile Include="..\..\..\addons\ofxPolygonTriangulation\src\TriangulateMonotone.cpp">
			<Filter>addons\ofxPolygonTriangulation\src</Filter>
		</ClCompile>
	</ItemGroup>
	<ItemGroup>
		<Filter Include="src">
			<UniqueIdentifier>{d8376475-7454-4a24-b08a-aac121d3ad6f}</UniqueIdentifier>
		</Filter>
		<Filter Include="addons">
			<UniqueIdentifier>{08A3F51F--AE2-B-4C-6F-8-1EF-8BFF35B62650}</UniqueIdentifier>
		</Filter>
		<Filter Include="addons\ofxPolygonTriangulation">
			<UniqueIdentifier>{DF7AB071--B70-F-45-A4-A-51B-C4B68243C0E2}</UniqueIdentifier>
		</Filter>
		<Filter Include="addons\ofxPolygonTriangulation\src">
			<UniqueIdentifier>{4C89B93D--85A-B-47-00-B-99B-69BD49011851}</UniqueIdentifier>
		</Filter>
	</ItemGroup>
	<ItemGroup>
		<ClInclude Include="src\ofApp.h">
			<Filter>src</Filter>
		</ClInclude>
		<ClInclude Include="src\ofApp.h">
			<Filter>src</Filter>
		</ClInclude>
		<ClInclude Include="..\..\..\addons\ofxPolygonTriangulation\src\DoublyConnectedEdgeList.h">
			<Filter>addons\ofxPolygonTriangulation\src</Filter>
		</ClInclude>
		<ClInclude Include="..\..\..\addons\ofxPolygonTriangulation\src\HalfEdgeSweepComparer.h">
			<Filter>addons\ofxPolygonTriangulation\src</Filter>
		</ClInclude>
		<ClInclude Include="..\..\..\addons\ofxPolygonTriangulation\src\ofxPolygonTriangulation.h">
			<Filter>addons\ofxPolygonTriangulation\src</Filter>
		</ClInclude>
		<ClInclude Include="..\..\..\addons\ofxPolygonTriangulation\src\SplitToMonotone.h">
			<Filter>addons\ofxPolygonTriangulation\src</Filter>
		</ClInclude>
		<ClInclude Include="..\..\..\addons\ofxPolygonTriangulation\src\TriangulateMonotone.h">
			<Filter>addons\ofxPolygonTriangulation\src</Filter>
		</ClInclude>
		<ClInclude Include="..\..\..\addons\ofxPolygonTriangulation\src\VertexSweepComparer.h">
			<Filter>addons\ofxPolygonTriangulation\src</Filter>
		</ClInclude>
	</ItemGroup>
	<ItemGroup>
		<ResourceCompile Include="icon.rc" />
	</ItemGroup>
</Project>
