<?xml version="1.0" encoding="utf-8"?>
<Project ToolsVersion="4.0" xmlns="http://schemas.microsoft.com/developer/msbuild/2003">
  <ItemGroup>
    <ClCompile Include="src\main.cpp">
      <Filter>src</Filter>
    </ClCompile>
    <ClCompile Include="src\main.cpp">
      <Filter>src</Filter>
    </ClCompile>
    <ClCompile Include="..\..\..\addons\ofxPolygonTriangulation\src\ofDoublyConnectedEdgeList.cpp">
      <Filter>addons\ofxPolygonTriangulation\src</Filter>
    </ClCompile>
    <ClCompile Include="..\..\..\addons\ofxPolygonTriangulation\src\ofPolygonTriangulation.cpp">
      <Filter>addons\ofxPolygonTriangulation\src</Filter>
    </ClCompile>
    <ClCompile Include="..\..\..\addons\ofxPolygonTriangulation\src\ofPolygonUtility.cpp">
      <Filter>addons\ofxPolygonTriangulation\src</Filter>
    </ClCompile>
    <ClCompile Include="..\..\..\addons\ofxPolygonTriangulation\src\ofSplitToMonotone.cpp">
      <Filter>addons\ofxPolygonTriangulation\src</Filter>
    </ClCompile>
    <ClCompile Include="..\..\..\addons\ofxPolygonTriangulation\src\ofTriangulateMonotone.cpp">
      <Filter>addons\ofxPolygonTriangulation\src</Filter>
    </ClCompile>
  </ItemGroup>
  <ItemGroup>
    <Filter Include="src">
      <UniqueIdentifier>{d8376475-7454-4a24-b08a-aac121d3ad6f}</UniqueIdentifier>
    </Filter>
    <Filter Include="addons">
      <UniqueIdentifier>{5DEAC862--CE8-4-49-68-9-6F9-26B005AFFB4F}</UniqueIdentifier>
    </Filter>
    <Filter Include="addons\ofxPolygonTriangulation">
      <UniqueIdentifier>{144581BF--0AA-0-45-BE-8-4B7-EDF965209DBA}</UniqueIdentifier>
    </Filter>
    <Filter Include="addons\ofxPolygonTriangulation\src">
      <UniqueIdentifier>{EFE4FB5A--F5C-B-46-B9-9-39A-AC5252063A56}</UniqueIdentifier>
    </Filter>
    <Filter Include="addons\ofxUnitTests">
      <UniqueIdentifier>{71393B0C--98F-1-45-50-A-EC4-A1E2EF74E61D}</UniqueIdentifier>
    </Filter>
    <Filter Include="addons\ofxUnitTests\src">
      <UniqueIdentifier>{A070E5DF--A36-D-4E-A9-A-2D1-96F27AAF52A3}</UniqueIdentifier>
    </Filter>
  </ItemGroup>
  <ItemGroup>
    <ClInclude Include="..\..\..\addons\ofxPolygonTriangulation\src\ofDoublyConnectedEdgeList.h">
      <Filter>addons\ofxPolygonTriangulation\src</Filter>
    </ClInclude>
    <ClInclude Include="..\..\..\addons\ofxPolygonTriangulation\src\ofHalfEdgeSweepComparer.h">
      <Filter>addons\ofxPolygonTriangulation\src</Filter>
    </ClInclude>
    <ClInclude Include="..\..\..\addons\ofxPolygonTriangulation\src\ofPolygonTriangulation.h">
      <Filter>addons\ofxPolygonTriangulation\src</Filter>
    </ClInclude>
    <ClInclude Include="..\..\..\addons\ofxPolygonTriangulation\src\ofPolygonUtility.h">
      <Filter>addons\ofxPolygonTriangulation\src</Filter>
    </ClInclude>
    <ClInclude Include="..\..\..\addons\ofxPolygonTriangulation\src\ofSplitToMonotone.h">
      <Filter>addons\ofxPolygonTriangulation\src</Filter>
    </ClInclude>
    <ClInclude Include="..\..\..\addons\ofxPolygonTriangulation\src\ofTriangulateMonotone.h">
      <Filter>addons\ofxPolygonTriangulation\src</Filter>
    </ClInclude>
    <ClInclude Include="..\..\..\addons\ofxPolygonTriangulation\src\ofVertexSweepComparer.h">
      <Filter>addons\ofxPolygonTriangulation\src</Filter>
    </ClInclude>
    <ClInclude Include="..\..\..\addons\ofxUnitTests\src\ofxUnitTests.h">
      <Filter>addons\ofxUnitTests\src</Filter>
    </ClInclude>
  </ItemGroup>
  <ItemGroup>
    <ResourceCompile Include="icon.rc" />
  </ItemGroup>
</Project>